
Microsoft Visual Studio Solution File, Format Version 12.00
Project("{FAE04EC0-301F-11D3-BF4B-00C04F79EFBC}") = "task1", "task1\task1.csproj", "{9A8AB762-386E-4C5C-8046-6F065DBCF4A2}"
EndProject
Project("{FAE04EC0-301F-11D3-BF4B-00C04F79EFBC}") = "task2", "task2\task2.csproj", "{8C8E0F58-781B-4AF5-8C82-6BE5D9F2AABF}"
EndProject
Global
	GlobalSection(SolutionConfigurationPlatforms) = preSolution
		Debug|Any CPU = Debug|Any CPU
		Release|Any CPU = Release|Any CPU
	EndGlobalSection
	GlobalSection(ProjectConfigurationPlatforms) = postSolution
		{9A8AB762-386E-4C5C-8046-6F065DBCF4A2}.Debug|Any CPU.ActiveCfg = Debug|Any CPU
		{9A8AB762-386E-4C5C-8046-6F065DBCF4A2}.Debug|Any CPU.Build.0 = Debug|Any CPU
		{9A8AB762-386E-4C5C-8046-6F065DBCF4A2}.Release|Any CPU.ActiveCfg = Release|Any CPU
		{9A8AB762-386E-4C5C-8046-6F065DBCF4A2}.Release|Any CPU.Build.0 = Release|Any CPU
		{8C8E0F58-781B-4AF5-8C82-6BE5D9F2AABF}.Debug|Any CPU.ActiveCfg = Debug|Any CPU
		{8C8E0F58-781B-4AF5-8C82-6BE5D9F2AABF}.Debug|Any CPU.Build.0 = Debug|Any CPU
		{8C8E0F58-781B-4AF5-8C82-6BE5D9F2AABF}.Release|Any CPU.ActiveCfg = Release|Any CPU
		{8C8E0F58-781B-4AF5-8C82-6BE5D9F2AABF}.Release|Any CPU.Build.0 = Release|Any CPU
	EndGlobalSection
EndGlobal
